# THIS IS AN AUTOGENERATED FILE. DO NOT EDIT THIS FILE DIRECTLY.
# yarn lockfile v1


"@next/env@14.0.2":
  version "14.0.2"
  resolved "https://registry.yarnpkg.com/@next/env/-/env-14.0.2.tgz#c1fb535983bca768e7eccd7b9cf4636127fc6d25"
  integrity sha512-HAW1sljizEaduEOes/m84oUqeIDAUYBR1CDwu2tobNlNDFP3cSm9d6QsOsGeNlIppU1p/p1+bWbYCbvwjFiceA==

"@next/swc-darwin-arm64@14.0.2":
  version "14.0.2"
  resolved "https://registry.yarnpkg.com/@next/swc-darwin-arm64/-/swc-darwin-arm64-14.0.2.tgz#eba35a1425fee5d305903c85ae0d6d2b0d512c7b"
  integrity sha512-i+jQY0fOb8L5gvGvojWyZMfQoQtDVB2kYe7fufOEiST6sicvzI2W5/EXo4lX5bLUjapHKe+nFxuVv7BA+Pd7LQ==

"@next/swc-darwin-x64@14.0.2":
  version "14.0.2"
  resolved "https://registry.yarnpkg.com/@next/swc-darwin-x64/-/swc-darwin-x64-14.0.2.tgz#8adb4dfc3d596c0816da67df9b75603218cf2a42"
  integrity sha512-zRCAO0d2hW6gBEa4wJaLn+gY8qtIqD3gYd9NjruuN98OCI6YyelmhWVVLlREjS7RYrm9OUQIp/iVJFeB6kP1hg==

"@next/swc-linux-arm64-gnu@14.0.2":
  version "14.0.2"
  resolved "https://registry.yarnpkg.com/@next/swc-linux-arm64-gnu/-/swc-linux-arm64-gnu-14.0.2.tgz#1f88d066d44c9229a861815e3d449b0037dae14e"
  integrity sha512-tSJmiaon8YaKsVhi7GgRizZoV0N1Sx5+i+hFTrCKKQN7s3tuqW0Rov+RYdPhAv/pJl4qiG+XfSX4eJXqpNg3dA==

"@next/swc-linux-arm64-musl@14.0.2":
  version "14.0.2"
  resolved "https://registry.yarnpkg.com/@next/swc-linux-arm64-musl/-/swc-linux-arm64-musl-14.0.2.tgz#de9b2708abc35dd19429a662a11785d0c54d1ec7"
  integrity sha512-dXJLMSEOwqJKcag1BeX1C+ekdPPJ9yXbWIt3nAadhbLx5CjACoB2NQj9Xcqu2tmdr5L6m34fR+fjGPs+ZVPLzA==

"@next/swc-linux-x64-gnu@14.0.2":
  version "14.0.2"
  resolved "https://registry.yarnpkg.com/@next/swc-linux-x64-gnu/-/swc-linux-x64-gnu-14.0.2.tgz#64bd555dcbc7fd6c38cb86028baf7d7fc80bd4ac"
  integrity sha512-WC9KAPSowj6as76P3vf1J3mf2QTm3Wv3FBzQi7UJ+dxWjK3MhHVWsWUo24AnmHx9qDcEtHM58okgZkXVqeLB+Q==

"@next/swc-linux-x64-musl@14.0.2":
  version "14.0.2"
  resolved "https://registry.yarnpkg.com/@next/swc-linux-x64-musl/-/swc-linux-x64-musl-14.0.2.tgz#69e6abf0f516df69acbf663eeb8ed6fd8eebcc38"
  integrity sha512-KSSAwvUcjtdZY4zJFa2f5VNJIwuEVnOSlqYqbQIawREJA+gUI6egeiRu290pXioQXnQHYYdXmnVNZ4M+VMB7KQ==

"@next/swc-win32-arm64-msvc@14.0.2":
  version "14.0.2"
  resolved "https://registry.yarnpkg.com/@next/swc-win32-arm64-msvc/-/swc-win32-arm64-msvc-14.0.2.tgz#82bc49af0986f4b2c113b5f223a559fc51b49b9d"
  integrity sha512-2/O0F1SqJ0bD3zqNuYge0ok7OEWCQwk55RPheDYD0va5ij7kYwrFkq5ycCRN0TLjLfxSF6xI5NM6nC5ux7svEQ==

"@next/swc-win32-ia32-msvc@14.0.2":
  version "14.0.2"
  resolved "https://registry.yarnpkg.com/@next/swc-win32-ia32-msvc/-/swc-win32-ia32-msvc-14.0.2.tgz#2f1958ad82b7f7ec5da8ad8ac2f18ef7a8e7757f"
  integrity sha512-vJI/x70Id0oN4Bq/R6byBqV1/NS5Dl31zC+lowO8SDu1fHmUxoAdILZR5X/sKbiJpuvKcCrwbYgJU8FF/Gh50Q==

"@next/swc-win32-x64-msvc@14.0.2":
  version "14.0.2"
  resolved "https://registry.yarnpkg.com/@next/swc-win32-x64-msvc/-/swc-win32-x64-msvc-14.0.2.tgz#629174f587beb640a431a4a3fe4e26d5d4f8de52"
  integrity sha512-Ut4LXIUvC5m8pHTe2j0vq/YDnTEyq6RSR9vHYPqnELrDapPhLNz9Od/L5Ow3J8RNDWpEnfCiQXuVdfjlNEJ7ug==

"@rollbar/react@^0.11.2":
  version "0.11.2"
  resolved "https://registry.yarnpkg.com/@rollbar/react/-/react-0.11.2.tgz#f5d71f21e9207f183080fa8a05a618ad78cf6d17"
  integrity sha512-fv/2dzVzjifcQ6w90TcsCLAANN2/ZAK30OTPNkMrJ1m1rSbCzKWEj2wbZFK/6vhuhEb5pAw6kuAR4ry3sIuFYw==
  dependencies:
    tiny-invariant "^1.1.0"

"@swc/helpers@0.5.2":
  version "0.5.2"
  resolved "https://registry.yarnpkg.com/@swc/helpers/-/helpers-0.5.2.tgz#85ea0c76450b61ad7d10a37050289eded783c27d"
  integrity sha512-E4KcWTpoLHqwPHLxidpOqQbcrZVgi0rsmmZXUle1jXmJfuIf/UWpczUJ7MZZ5tlxytgJXyp0w4PGkkeLiuIdZw==
  dependencies:
    tslib "^2.4.0"

async@~3.2.3:
  version "3.2.5"
  resolved "https://registry.yarnpkg.com/async/-/async-3.2.5.tgz#ebd52a8fdaf7a2289a24df399f8d8485c8a46b66"
  integrity sha512-baNZyqaaLhyLVKm/DlvdW051MSgO6b8eVfIezl9E5PqWxFgzLm/wQntEW4zOytVburDEr0JlALEpdOFwvErLsg==

busboy@1.6.0:
  version "1.6.0"
  resolved "https://registry.yarnpkg.com/busboy/-/busboy-1.6.0.tgz#966ea36a9502e43cdb9146962523b92f531f6893"
  integrity sha512-8SFQbg/0hQ9xy3UNTB0YEnsNBbWfhf7RtnzpL7TkBiTBRfrQ9Fxcnz7VJsleJpyp6rVLvXiuORqjlHi5q+PYuA==
  dependencies:
    streamsearch "^1.1.0"

caniuse-lite@^1.0.30001406:
  version "1.0.30001561"
  resolved "https://registry.yarnpkg.com/caniuse-lite/-/caniuse-lite-1.0.30001561.tgz#752f21f56f96f1b1a52e97aae98c57c562d5d9da"
  integrity sha512-NTt0DNoKe958Q0BE0j0c1V9jbUzhBxHIEJy7asmGrpE0yG63KTV7PLHPnK2E1O9RsQrQ081I3NLuXGS6zht3cw==

client-only@0.0.1:
  version "0.0.1"
  resolved "https://registry.yarnpkg.com/client-only/-/client-only-0.0.1.tgz#38bba5d403c41ab150bff64a95c85013cf73bca1"
  integrity sha512-IV3Ou0jSMzZrd3pZ48nLkT9DA7Ag1pnPzaiQhpW7c3RbcqqzvzzVu+L8gfqMp/8IM2MQtSiqaCxrrcfu8I8rMA==

console-polyfill@0.3.0:
  version "0.3.0"
  resolved "https://registry.yarnpkg.com/console-polyfill/-/console-polyfill-0.3.0.tgz#84900902a18c47a5eba932be75fa44d23e8af861"
  integrity sha512-w+JSDZS7XML43Xnwo2x5O5vxB0ID7T5BdqDtyqT6uiCAX2kZAgcWxNaGqT97tZfSHzfOcvrfsDAodKcJ3UvnXQ==

decache@^3.0.5:
  version "3.1.0"
  resolved "https://registry.yarnpkg.com/decache/-/decache-3.1.0.tgz#4f5036fbd6581fcc97237ac3954a244b9536c2da"
  integrity sha512-p7D6wJ5EJFFq1CcF2lu1XeqKFLBob8jRQGNAvFLTsV3CbSKBl3VtliAVlUIGz2i9H6kEFnI2Amaft5ZopIG2Fw==
  dependencies:
    find "^0.2.4"

error-stack-parser@^2.0.4:
  version "2.1.4"
  resolved "https://registry.yarnpkg.com/error-stack-parser/-/error-stack-parser-2.1.4.tgz#229cb01cdbfa84440bfa91876285b94680188286"
  integrity sha512-Sk5V6wVazPhq5MhpO+AUxJn5x7XSXGl1R93Vn7i+zS15KDVxQijejNCrz8340/2bgLBjR9GtEG8ZVKONDjcqGQ==
  dependencies:
    stackframe "^1.3.4"

find@^0.2.4:
  version "0.2.9"
  resolved "https://registry.yarnpkg.com/find/-/find-0.2.9.tgz#4b73f1ff9e56ad91b76e716407fe5ffe6554bb8c"
  integrity sha512-7a4/LCiInB9xYMnAUEjLilL9FKclwbwK7VlXw+h5jMvT2TDFeYFCHM24O1XdnC/on/hx8mxVO3FTQkyHZnOghQ==
  dependencies:
    traverse-chain "~0.1.0"

glob-to-regexp@^0.4.1:
  version "0.4.1"
  resolved "https://registry.yarnpkg.com/glob-to-regexp/-/glob-to-regexp-0.4.1.tgz#c75297087c851b9a578bd217dd59a92f59fe546e"
  integrity sha512-lkX1HJXwyMcprw/5YUZc2s7DrpAiHB21/V+E1rHUrVNokkvB6bqMzT0VfV6/86ZNabt1k14YOIaT7nDvOX3Iiw==

graceful-fs@^4.1.2:
  version "4.2.11"
  resolved "https://registry.yarnpkg.com/graceful-fs/-/graceful-fs-4.2.11.tgz#4183e4e8bf08bb6e05bbb2f7d2e0c8f712ca40e3"
  integrity sha512-RbJ5/jmFcNNCcDV5o9eTnBLJ/HszWV0P73bc+Ff4nS/rJj+YaS6IGyiOL0VoBYX+l1Wrl3k63h/KrH+nhJ0XvQ==

"js-tokens@^3.0.0 || ^4.0.0":
  version "4.0.0"
  resolved "https://registry.yarnpkg.com/js-tokens/-/js-tokens-4.0.0.tgz#19203fb59991df98e3a287050d4647cdeaf32499"
  integrity sha512-RdJUflcE3cUzKiMqQgsCu06FPu9UdIJO0beYbPhHN4k6apgJtifcoCtT9bcxOpYBtpD2kCM6Sbzg4CausW/PKQ==

json-stringify-safe@~5.0.0:
  version "5.0.1"
  resolved "https://registry.yarnpkg.com/json-stringify-safe/-/json-stringify-safe-5.0.1.tgz#1296a2d58fd45f19a0f6ce01d65701e2c735b6eb"
  integrity sha512-ZClg6AaYvamvYEE82d3Iyd3vSSIjQ+odgjaTzRuO3s7toCdFKczob2i0zCh7JE8kWn17yvAWhUVxvqGwUalsRA==

loose-envify@^1.1.0, loose-envify@^1.4.0:
  version "1.4.0"
  resolved "https://registry.yarnpkg.com/loose-envify/-/loose-envify-1.4.0.tgz#71ee51fa7be4caec1a63839f7e682d8132d30caf"
  integrity sha512-lyuxPGr/Wfhrlem2CL/UcnUc1zcqKAImBDzukY7Y5F/yQiNdko6+fRLevlw1HgMySw7f611UIY408EtxRSoK3Q==
  dependencies:
    js-tokens "^3.0.0 || ^4.0.0"

lru-cache@~2.2.1:
  version "2.2.4"
  resolved "https://registry.yarnpkg.com/lru-cache/-/lru-cache-2.2.4.tgz#6c658619becf14031d0d0b594b16042ce4dc063d"
  integrity sha512-Q5pAgXs+WEAfoEdw2qKQhNFFhMoFMTYqRVKKUMnzuiR7oKFHS7fWo848cPcTKw+4j/IdN17NyzdhVKgabFV0EA==

nanoid@^3.3.6:
  version "3.3.7"
  resolved "https://registry.yarnpkg.com/nanoid/-/nanoid-3.3.7.tgz#d0c301a691bc8d54efa0a2226ccf3fe2fd656bd8"
  integrity sha512-eSRppjcPIatRIMC1U6UngP8XFcz8MQWGQdt1MTBQ7NaAmvXDfvNxbvWV3x2y6CdEUciCSsDHDQZbhYaB8QEo2g==

next@latest:
  version "14.0.2"
  resolved "https://registry.yarnpkg.com/next/-/next-14.0.2.tgz#02ba6a1656edf14d3913c7a3553026e9d6e083c7"
  integrity sha512-jsAU2CkYS40GaQYOiLl9m93RTv2DA/tTJ0NRlmZIBIL87YwQ/xR8k796z7IqgM3jydI8G25dXvyYMC9VDIevIg==
  dependencies:
    "@next/env" "14.0.2"
    "@swc/helpers" "0.5.2"
    busboy "1.6.0"
    caniuse-lite "^1.0.30001406"
    postcss "8.4.31"
    styled-jsx "5.1.1"
    watchpack "2.4.0"
  optionalDependencies:
    "@next/swc-darwin-arm64" "14.0.2"
    "@next/swc-darwin-x64" "14.0.2"
    "@next/swc-linux-arm64-gnu" "14.0.2"
    "@next/swc-linux-arm64-musl" "14.0.2"
    "@next/swc-linux-x64-gnu" "14.0.2"
    "@next/swc-linux-x64-musl" "14.0.2"
    "@next/swc-win32-arm64-msvc" "14.0.2"
    "@next/swc-win32-ia32-msvc" "14.0.2"
    "@next/swc-win32-x64-msvc" "14.0.2"

object-assign@^4.1.1:
  version "4.1.1"
  resolved "https://registry.yarnpkg.com/object-assign/-/object-assign-4.1.1.tgz#2109adc7965887cfc05cbbd442cac8bfbb360863"
  integrity sha512-rJgTQnkUnH1sFw8yT6VSU3zD3sWmu6sZhIseY8VX+GRu3P6F7Fu+JNDoXfklElbLJSnc3FUQHVe4cU5hj+BcUg==

picocolors@^1.0.0:
  version "1.0.0"
  resolved "https://registry.yarnpkg.com/picocolors/-/picocolors-1.0.0.tgz#cb5bdc74ff3f51892236eaf79d68bc44564ab81c"
  integrity sha512-1fygroTLlHu66zi26VoTDv8yRgm0Fccecssto+MhsZ0D/DGW2sm8E8AjW7NU5VVTRt5GxbeZ5qBuJr+HyLYkjQ==

postcss@8.4.31:
  version "8.4.31"
  resolved "https://registry.yarnpkg.com/postcss/-/postcss-8.4.31.tgz#92b451050a9f914da6755af352bdc0192508656d"
  integrity sha512-PS08Iboia9mts/2ygV3eLpY5ghnUcfLV/EXTOW1E2qYxJKGGBUtNjN76FYHnMs36RmARn41bC0AZmn+rR0OVpQ==
  dependencies:
    nanoid "^3.3.6"
    picocolors "^1.0.0"
    source-map-js "^1.0.2"

prop-types@^15.8.1:
  version "15.8.1"
  resolved "https://registry.yarnpkg.com/prop-types/-/prop-types-15.8.1.tgz#67d87bf1a694f48435cf332c24af10214a3140b5"
  integrity sha512-oj87CgZICdulUohogVAR7AjlC0327U4el4L6eAvOqCeudMDVU0NThNaV+b9Df4dXgSP1gXMTnPdhfe/2qDH5cg==
  dependencies:
    loose-envify "^1.4.0"
    object-assign "^4.1.1"
    react-is "^16.13.1"

react-dom@18.2.0:
  version "18.2.0"
  resolved "https://registry.yarnpkg.com/react-dom/-/react-dom-18.2.0.tgz#22aaf38708db2674ed9ada224ca4aa708d821e3d"
  integrity sha512-6IMTriUmvsjHUjNtEDudZfuDQUoWXVxKHhlEGSk81n4YFS+r/Kl99wXiwlVXtPBtJenozv2P+hxDsw9eA7Xo6g==
  dependencies:
    loose-envify "^1.1.0"
    scheduler "^0.23.0"

react-is@^16.13.1:
  version "16.13.1"
  resolved "https://registry.yarnpkg.com/react-is/-/react-is-16.13.1.tgz#789729a4dc36de2999dc156dd6c1d9c18cea56a4"
  integrity sha512-24e6ynE2H+OKt4kqsOvNd8kBpV65zoxbA4BVsEOB3ARVWQki/DHzaUoC5KuON/BiccDaCCTZBuOcfZs70kR8bQ==

react@18.2.0:
  version "18.2.0"
  resolved "https://registry.yarnpkg.com/react/-/react-18.2.0.tgz#555bd98592883255fa00de14f1151a917b5d77d5"
  integrity sha512-/3IjMdb2L9QbBdWiW5e3P2/npwMBaU9mHCSCUzNln0ZCYbcfTsGbTJrU/kGemdH2IWmB2ioZ+zkxtmq6g09fGQ==
  dependencies:
    loose-envify "^1.1.0"

request-ip@~3.3.0:
  version "3.3.0"
  resolved "https://registry.yarnpkg.com/request-ip/-/request-ip-3.3.0.tgz#863451e8fec03847d44f223e30a5d63e369fa611"
  integrity sha512-cA6Xh6e0fDBBBwH77SLJaJPBmD3nWVAcF9/XAcsrIHdjhFzFiB5aNQFytdjCGPezU3ROwrR11IddKAM08vohxA==

rollbar@^2.26.2:
  version "2.26.2"
  resolved "https://registry.yarnpkg.com/rollbar/-/rollbar-2.26.2.tgz#58627dce65233e7433facb6366fd6e8817f396d3"
  integrity sha512-7ASvrlal87ek2vhTmpu2LPvkdlcnala1qeMT2Ra76s0KjWkQ8d1fTl6dk7AqHx1Qa/puahg3tYw7EPB7wYx9RQ==
  dependencies:
    async "~3.2.3"
    console-polyfill "0.3.0"
    error-stack-parser "^2.0.4"
    json-stringify-safe "~5.0.0"
    lru-cache "~2.2.1"
    request-ip "~3.3.0"
    source-map "^0.5.7"
  optionalDependencies:
    decache "^3.0.5"

scheduler@^0.23.0:
  version "0.23.0"
  resolved "https://registry.yarnpkg.com/scheduler/-/scheduler-0.23.0.tgz#ba8041afc3d30eb206a487b6b384002e4e61fdfe"
  integrity sha512-CtuThmgHNg7zIZWAXi3AsyIzA3n4xx7aNyjwC2VJldO2LMVDhFK+63xGqq6CsJH4rTAt6/M+N4GhZiDYPx9eUw==
  dependencies:
    loose-envify "^1.1.0"

source-map-js@^1.0.2:
  version "1.0.2"
  resolved "https://registry.yarnpkg.com/source-map-js/-/source-map-js-1.0.2.tgz#adbc361d9c62df380125e7f161f71c826f1e490c"
  integrity sha512-R0XvVJ9WusLiqTCEiGCmICCMplcCkIwwR11mOSD9CR5u+IXYdiseeEuXCVAjS54zqwkLcPNnmU4OeJ6tUrWhDw==

source-map@^0.5.7:
  version "0.5.7"
  resolved "https://registry.yarnpkg.com/source-map/-/source-map-0.5.7.tgz#8a039d2d1021d22d1ea14c80d8ea468ba2ef3fcc"
  integrity sha512-LbrmJOMUSdEVxIKvdcJzQC+nQhe8FUZQTXQy6+I75skNgn3OoQ0DZA8YnFa7gp8tqtL3KPf1kmo0R5DoApeSGQ==

stackframe@^1.3.4:
  version "1.3.4"
  resolved "https://registry.yarnpkg.com/stackframe/-/stackframe-1.3.4.tgz#b881a004c8c149a5e8efef37d51b16e412943310"
  integrity sha512-oeVtt7eWQS+Na6F//S4kJ2K2VbRlS9D43mAlMyVpVWovy9o+jfgH8O9agzANzaiLjclA0oYzUXEM4PurhSUChw==

streamsearch@^1.1.0:
  version "1.1.0"
  resolved "https://registry.yarnpkg.com/streamsearch/-/streamsearch-1.1.0.tgz#404dd1e2247ca94af554e841a8ef0eaa238da764"
  integrity sha512-Mcc5wHehp9aXz1ax6bZUyY5afg9u2rv5cqQI3mRrYkGC8rW2hM02jWuwjtL++LS5qinSyhj2QfLyNsuc+VsExg==

styled-jsx@5.1.1:
  version "5.1.1"
  resolved "https://registry.yarnpkg.com/styled-jsx/-/styled-jsx-5.1.1.tgz#839a1c3aaacc4e735fed0781b8619ea5d0009d1f"
  integrity sha512-pW7uC1l4mBZ8ugbiZrcIsiIvVx1UmTfw7UkC3Um2tmfUq9Bhk8IiyEIPl6F8agHgjzku6j0xQEZbfA5uSgSaCw==
  dependencies:
    client-only "0.0.1"

tiny-invariant@^1.1.0:
  version "1.3.1"
  resolved "https://registry.yarnpkg.com/tiny-invariant/-/tiny-invariant-1.3.1.tgz#8560808c916ef02ecfd55e66090df23a4b7aa642"
  integrity sha512-AD5ih2NlSssTCwsMznbvwMZpJ1cbhkGd2uueNxzv2jDlEeZdU04JQfRnggJQ8DrcVBGjAsCKwFBbDlVNtEMlzw==

traverse-chain@~0.1.0:
  version "0.1.0"
  resolved "https://registry.yarnpkg.com/traverse-chain/-/traverse-chain-0.1.0.tgz#61dbc2d53b69ff6091a12a168fd7d433107e40f1"
  integrity sha512-up6Yvai4PYKhpNp5PkYtx50m3KbwQrqDwbuZP/ItyL64YEWHAvH6Md83LFLV/GRSk/BoUVwwgUzX6SOQSbsfAg==

tslib@^2.4.0:
  version "2.6.2"
  resolved "https://registry.yarnpkg.com/tslib/-/tslib-2.6.2.tgz#703ac29425e7b37cd6fd456e92404d46d1f3e4ae"
  integrity sha512-AEYxH93jGFPn/a2iVAwW87VuUIkR1FVUKB77NwMF7nBTDkDrrT/Hpt/IrCJ0QXhW27jTBDcf5ZY7w6RiqTMw2Q==

watchpack@2.4.0:
  version "2.4.0"
  resolved "https://registry.yarnpkg.com/watchpack/-/watchpack-2.4.0.tgz#fa33032374962c78113f93c7f2fb4c54c9862a5d"
  integrity sha512-Lcvm7MGST/4fup+ifyKi2hjyIAwcdI4HRgtvTpIUxBRhB+RFtUh8XtDOxUfctVCnhVi+QQj49i91OyvzkJl6cg==
  dependencies:
    glob-to-regexp "^0.4.1"
    graceful-fs "^4.1.2"
